{
  "name": "student-portal",
  "version": "0.1.0",
  "lockfileVersion": 3,
  "requires": true,
  "packages": {
    "": {
      "name": "student-portal",
      "version": "0.1.0",
      "dependencies": {
        "@vant/area-data": "^2.1.0",
        "pinia": "^2.1.7",
        "vue": "^3.4.21",
        "vue-router": "^4.3.0"
      },
      "devDependencies": {
        "@vitejs/plugin-vue": "^5.0.4",
        "eslint": "^8.57.0",
        "eslint-plugin-vue": "^9.24.0",
        "vite": "^5.2.8"
      },
      "overrides": {
        "postcss": "8.5.23",
        "nanoid": "3.3.18"
      }
    }
  }
}
